
Microsoft Visual Studio Solution File, Format Version 12.00
# Visual Studio Version 16
VisualStudioVersion = 16.0.31729.503
MinimumVisualStudioVersion = 10.0.40219.1
Project("{FAE04EC0-301F-11D3-BF4B-00C04F79EFBC}") = "Day19PracticeProblems_RegexUC8", "Day19PracticeProblems_RegexUC8.csproj", "{2AD7A29A-D099-407D-964A-4D763599761A}"
EndProject
Global
	GlobalSection(SolutionConfigurationPlatforms) = preSolution
		Debug|Any CPU = Debug|Any CPU
		Release|Any CPU = Release|Any CPU
	EndGlobalSection
	GlobalSection(ProjectConfigurationPlatforms) = postSolution
		{2AD7A29A-D099-407D-964A-4D763599761A}.Debug|Any CPU.ActiveCfg = Debug|Any CPU
		{2AD7A29A-D099-407D-964A-4D763599761A}.Debug|Any CPU.Build.0 = Debug|Any CPU
		{2AD7A29A-D099-407D-964A-4D763599761A}.Release|Any CPU.ActiveCfg = Release|Any CPU
		{2AD7A29A-D099-407D-964A-4D763599761A}.Release|Any CPU.Build.0 = Release|Any CPU
	EndGlobalSection
	GlobalSection(SolutionProperties) = preSolution
		HideSolutionNode = FALSE
	EndGlobalSection
	GlobalSection(ExtensibilityGlobals) = postSolution
		SolutionGuid = {891F748C-2FC9-47E2-9E32-D5957D8856F8}
	EndGlobalSection
EndGlobal
